<?xml version="1.0" encoding="UTF-8" standalone="yes" ?>
<CodeBlocks_project_file>
	<FileVersion major="1" minor="6" />
	<Project>
		<Option title="GraphicsProject" />
		<Option pch_mode="2" />
		<Option compiler="gcc" />
		<Build>
			<Target title="Debug">
				<Option output="bin/Debug/GraphicsProject" prefix_auto="1" extension_auto="1" />
				<Option object_output="obj/Debug/" />
				<Option type="1" />
				<Option compiler="gcc" />
				<Option projectLinkerOptionsRelation="2" />
				<Compiler>
					<Add option="-g" />
				</Compiler>
				<Linker>
					<Add library="libgraphics64d.a" />
				</Linker>
			</Target>
			<Target title="Release">
				<Option output="bin/Release/GraphicsProject" prefix_auto="1" extension_auto="1" />
				<Option object_output="obj/Release/" />
				<Option type="1" />
				<Option compiler="gcc" />
				<Option projectLinkerOptionsRelation="2" />
				<Compiler>
					<Add option="-fexpensive-optimizations" />
					<Add option="-O2" />
					<Add option="-g" />
				</Compiler>
				<Linker>
					<Add library="libgraphics64.a" />
				</Linker>
			</Target>
		</Build>
		<Compiler>
			<Add option="-Wall" />
			<Add option="-fexceptions" />
			<Add directory="include" />
		</Compiler>
		<Linker>
			<Add library="mingw32" />
			<Add library="libSDL2_ttf.a" />
			<Add library="SDL2main" />
			<Add library="SDL2.dll" />
			<Add library="user32" />
			<Add library="gdi32" />
			<Add library="winmm" />
			<Add library="dxguid" />
			<Add directory="lib" />
		</Linker>
		<Unit filename="button.cpp" />
		<Unit filename="button.hpp" />
		<Unit filename="city.cpp" />
		<Unit filename="city.hpp" />
		<Unit filename="colors.hpp" />
		<Unit filename="event.cpp" />
		<Unit filename="event.hpp" />
		<Unit filename="gameManager.cpp" />
		<Unit filename="gameManager.hpp" />
		<Unit filename="graphicsHelper.cpp" />
		<Unit filename="graphicsHelper.hpp" />
		<Unit filename="helpers.cpp" />
		<Unit filename="helpers.hpp" />
		<Unit filename="imageLoader.cpp" />
		<Unit filename="imageLoader.hpp" />
		<Unit filename="main.cpp" />
		<Unit filename="mainMenu.cpp" />
		<Unit filename="mainMenu.hpp" />
		<Unit filename="mainScreen.cpp" />
		<Unit filename="mainScreen.hpp" />
		<Unit filename="mapPanel.cpp" />
		<Unit filename="mapPanel.hpp" />
		<Unit filename="messagePanel.cpp" />
		<Unit filename="messagePanel.hpp" />
		<Unit filename="partsPanel.cpp" />
		<Unit filename="partsPanel.hpp" />
		<Unit filename="productionPanel.cpp" />
		<Unit filename="productionPanel.hpp" />
		<Unit filename="research.cpp" />
		<Unit filename="research.hpp" />
		<Unit filename="researchPanel.cpp" />
		<Unit filename="researchPanel.hpp" />
		<Unit filename="rightPanel.cpp" />
		<Unit filename="rightPanel.hpp" />
		<Unit filename="selector.cpp" />
		<Unit filename="selector.hpp" />
		<Unit filename="shipmentPanel.cpp" />
		<Unit filename="shipmentPanel.hpp" />
		<Unit filename="slider.cpp" />
		<Unit filename="slider.hpp" />
		<Unit filename="staticData.cpp" />
		<Unit filename="staticData.hpp" />
		<Unit filename="subPanel.cpp" />
		<Unit filename="subPanel.hpp" />
		<Unit filename="techTree.cpp" />
		<Unit filename="techTree.hpp" />
		<Unit filename="testWidget.cpp" />
		<Unit filename="testWidget.hpp" />
		<Unit filename="textWidget.cpp" />
		<Unit filename="textWidget.hpp" />
		<Unit filename="widget.cpp" />
		<Unit filename="widget.hpp" />
		<Unit filename="workerPanel.cpp" />
		<Unit filename="workerPanel.hpp" />
		<Extensions />
	</Project>
</CodeBlocks_project_file>
